
Microsoft Visual Studio Solution File, Format Version 12.00
# Visual Studio Version 16
VisualStudioVersion = 16.0.29728.190
MinimumVisualStudioVersion = 10.0.40219.1
Project("{9A19103F-16F7-4668-BE54-9A1E7A4F7556}") = "SportAPISever", "SportAPISever.csproj", "{53A2BCFC-D805-44A4-A544-3AFBCEFD1D62}"
EndProject
Project("{2150E333-8FDC-42A3-9474-1A3956D46DE8}") = "Solution Items", "Solution Items", "{AD2B70AC-6064-46C6-8C5F-45C946E363BE}"
	ProjectSection(SolutionItems) = preProject
		.editorconfig = .editorconfig
	EndProjectSection
EndProject
Project("{FAE04EC0-301F-11D3-BF4B-00C04F79EFBC}") = "AdminSection", "..\AdminSection\AdminSection.csproj", "{697E8219-C909-4D05-94E0-1F98DB7314D8}"
EndProject
Global
	GlobalSection(SolutionConfigurationPlatforms) = preSolution
		Debug|Any CPU = Debug|Any CPU
		Release|Any CPU = Release|Any CPU
	EndGlobalSection
	GlobalSection(ProjectConfigurationPlatforms) = postSolution
		{53A2BCFC-D805-44A4-A544-3AFBCEFD1D62}.Debug|Any CPU.ActiveCfg = Debug|Any CPU
		{53A2BCFC-D805-44A4-A544-3AFBCEFD1D62}.Debug|Any CPU.Build.0 = Debug|Any CPU
		{53A2BCFC-D805-44A4-A544-3AFBCEFD1D62}.Release|Any CPU.ActiveCfg = Release|Any CPU
		{53A2BCFC-D805-44A4-A544-3AFBCEFD1D62}.Release|Any CPU.Build.0 = Release|Any CPU
		{697E8219-C909-4D05-94E0-1F98DB7314D8}.Debug|Any CPU.ActiveCfg = Debug|Any CPU
		{697E8219-C909-4D05-94E0-1F98DB7314D8}.Debug|Any CPU.Build.0 = Debug|Any CPU
		{697E8219-C909-4D05-94E0-1F98DB7314D8}.Release|Any CPU.ActiveCfg = Release|Any CPU
		{697E8219-C909-4D05-94E0-1F98DB7314D8}.Release|Any CPU.Build.0 = Release|Any CPU
	EndGlobalSection
	GlobalSection(SolutionProperties) = preSolution
		HideSolutionNode = FALSE
	EndGlobalSection
	GlobalSection(ExtensibilityGlobals) = postSolution
		SolutionGuid = {C594355F-CB99-4034-AEE2-5D80D80F8EC7}
	EndGlobalSection
EndGlobal
